{
  "requires": true,
  "lockfileVersion": 1,
  "dependencies": {
    "jquery-browserify": {
      "version": "1.8.1",
      "resolved": "https://registry.npmjs.org/jquery-browserify/-/jquery-browserify-1.8.1.tgz",
      "integrity": "sha1-DeqddBpPQRWuGYDEUxsiUCmRoBU="
    },
    "jquery-mousewheel": {
      "version": "3.1.13",
      "resolved": "https://registry.npmjs.org/jquery-mousewheel/-/jquery-mousewheel-3.1.13.tgz",
      "integrity": "sha1-BvAzXxbjU6aV5yBr9QUDy1I6buU="
    },
    "tinymce": {
      "version": "4.8.3",
      "resolved": "https://registry.npmjs.org/tinymce/-/tinymce-4.8.3.tgz",
      "integrity": "sha512-kNEsKTqUYZRG+GTZ7tcVAktUlDeApz6d3IqnNaZXNX0CP0BsK8NPC02FCJ0EVYxdNnq6fvvknWkItmbreXD9aA=="
    }
  }
}
